
Microsoft Visual Studio Solution File, Format Version 12.00
# Visual Studio Version 17
VisualStudioVersion = 17.0.31903.59
MinimumVisualStudioVersion = 10.0.40219.1
Project("{FAE04EC0-301F-11D3-BF4B-00C04F79EFBC}") = "PollMaster3000", "src\PollMaster3000.csproj", "{CABA584E-D98F-4FF0-8237-A7D8C1153F5A}"
EndProject
Global
	GlobalSection(SolutionConfigurationPlatforms) = preSolution
		Debug|Any CPU = Debug|Any CPU
		Release|Any CPU = Release|Any CPU
	EndGlobalSection
	GlobalSection(SolutionProperties) = preSolution
		HideSolutionNode = FALSE
	EndGlobalSection
	GlobalSection(ProjectConfigurationPlatforms) = postSolution
		{CABA584E-D98F-4FF0-8237-A7D8C1153F5A}.Debug|Any CPU.ActiveCfg = Debug|Any CPU
		{CABA584E-D98F-4FF0-8237-A7D8C1153F5A}.Debug|Any CPU.Build.0 = Debug|Any CPU
		{CABA584E-D98F-4FF0-8237-A7D8C1153F5A}.Release|Any CPU.ActiveCfg = Release|Any CPU
		{CABA584E-D98F-4FF0-8237-A7D8C1153F5A}.Release|Any CPU.Build.0 = Release|Any CPU
	EndGlobalSection
EndGlobal
